%{"bypass": {:hex, :bypass, "0.5.1"},
  "certifi": {:hex, :certifi, "0.3.0"},
  "chatterbox": {:git, "https://github.com/joedevivo/chatterbox.git", "0841d68073280831308b5762b438eb0838a12339", []},
  "cowboy": {:hex, :cowboy, "1.0.4"},
  "cowlib": {:hex, :cowlib, "1.0.2"},
  "exprotobuf": {:hex, :exprotobuf, "1.0.0"},
  "fs": {:hex, :fs, "0.9.2"},
  "goldrush": {:git, "git://github.com/DeadZen/goldrush.git", "212299233c7e7eb63a97be2777e1c05ebaa58dbe", [tag: "0.1.8"]},
  "goth": {:hex, :goth, "0.0.3"},
  "gpb": {:hex, :gpb, "3.18.10"},
  "hackney": {:hex, :hackney, "1.4.10"},
  "hpack": {:git, "git://github.com/joedevivo/hpack.git", "3d3197d131bcc2c90e33b01b0bdc154d32a5525a", [branch: "master"]},
  "httpoison": {:hex, :httpoison, "0.8.1"},
  "idna": {:hex, :idna, "1.1.0"},
  "json_web_token": {:hex, :json_web_token, "0.2.4"},
  "lager": {:git, "git://github.com/basho/lager.git", "75970de664c5634c577bdedf29c87f58a16893ca", [tag: "2.2.1"]},
  "mimerl": {:hex, :mimerl, "1.0.2"},
  "mix_test_watch": {:hex, :mix_test_watch, "0.2.6"},
  "plug": {:hex, :plug, "1.1.2"},
  "poison": {:hex, :poison, "1.5.2"},
  "ranch": {:hex, :ranch, "1.2.1"},
  "ssl_verify_hostname": {:hex, :ssl_verify_hostname, "1.0.5"},
  "uuid": {:hex, :uuid, "1.1.3"}}
